Microsoft Visual Studio Solution File, Format Version 12.00
# Visual Studio Version 17
VisualStudioVersion = 17.5.2.0
MinimumVisualStudioVersion = 10.0.40219.1
Project("{FAE04EC0-301F-11D3-BF4B-00C04F79EFBC}") = "if-statements", "if-statements\if-statements.csproj", "{8A1BE6DA-63AC-61B9-3EF5-08FD8C7F9D57}"
EndProject
Global
	GlobalSection(SolutionConfigurationPlatforms) = preSolution
		Debug|Any CPU = Debug|Any CPU
		Release|Any CPU = Release|Any CPU
	EndGlobalSection
	GlobalSection(ProjectConfigurationPlatforms) = postSolution
		{8A1BE6DA-63AC-61B9-3EF5-08FD8C7F9D57}.Debug|Any CPU.ActiveCfg = Debug|Any CPU
		{8A1BE6DA-63AC-61B9-3EF5-08FD8C7F9D57}.Debug|Any CPU.Build.0 = Debug|Any CPU
		{8A1BE6DA-63AC-61B9-3EF5-08FD8C7F9D57}.Release|Any CPU.ActiveCfg = Release|Any CPU
		{8A1BE6DA-63AC-61B9-3EF5-08FD8C7F9D57}.Release|Any CPU.Build.0 = Release|Any CPU
	EndGlobalSection
	GlobalSection(SolutionProperties) = preSolution
		HideSolutionNode = FALSE
	EndGlobalSection
	GlobalSection(ExtensibilityGlobals) = postSolution
		SolutionGuid = {8B5BF418-57EE-493E-B301-27B349F8AB35}
	EndGlobalSection
EndGlobal
